
Microsoft Visual Studio Solution File, Format Version 12.00
# Visual Studio Express 14 for Windows Desktop
VisualStudioVersion = 14.0.24720.0
MinimumVisualStudioVersion = 10.0.40219.1
Project("{F184B08F-C81C-45F6-A57F-5ABD9991F28F}") = "Times Tables", "Times Tables\Times Tables.vbproj", "{A2A4FD6E-446C-417F-8092-768F0C327167}"
EndProject
Global
	GlobalSection(SolutionConfigurationPlatforms) = preSolution
		Debug|Any CPU = Debug|Any CPU
		Release|Any CPU = Release|Any CPU
	EndGlobalSection
	GlobalSection(ProjectConfigurationPlatforms) = postSolution
		{A2A4FD6E-446C-417F-8092-768F0C327167}.Debug|Any CPU.ActiveCfg = Debug|Any CPU
		{A2A4FD6E-446C-417F-8092-768F0C327167}.Debug|Any CPU.Build.0 = Debug|Any CPU
		{A2A4FD6E-446C-417F-8092-768F0C327167}.Release|Any CPU.ActiveCfg = Release|Any CPU
		{A2A4FD6E-446C-417F-8092-768F0C327167}.Release|Any CPU.Build.0 = Release|Any CPU
	EndGlobalSection
	GlobalSection(SolutionProperties) = preSolution
		HideSolutionNode = FALSE
	EndGlobalSection
EndGlobal
